{
  "name": "@darkwolf/text.mjs",
  "version": "1.0.1",
  "lockfileVersion": 1,
  "requires": true,
  "dependencies": {
    "@darkwolf/helper.mjs": {
      "version": "1.0.9",
      "resolved": "https://registry.npmjs.org/@darkwolf/helper.mjs/-/helper.mjs-1.0.9.tgz",
      "integrity": "sha512-ABfuCs6Bk8HCG56GGbiuZnYPKjR85SEvNxvk2Y0t+uEqKRRZS38g/xisqfr/BSJNwrZk1ZP99wtzDwOhyuoegw=="
    }
  }
}
