{
  "name": "@darkwolf/text.mjs",
  "version": "1.0.0",
  "lockfileVersion": 1,
  "requires": true,
  "dependencies": {
    "@darkwolf/helper.mjs": {
      "version": "1.0.7",
      "resolved": "https://registry.npmjs.org/@darkwolf/helper.mjs/-/helper.mjs-1.0.7.tgz",
      "integrity": "sha512-aKlFXhcO0xHTCtvCussJoUFPsz6/2m70h7THNzM5ezBR4LnT1cDLTRcUEqg28TsZrQsU/5NvMIMFTAvM33pVSA=="
    }
  }
}
