{
  "name": "@darkwolf/text.cjs",
  "version": "1.0.3",
  "lockfileVersion": 1,
  "requires": true,
  "dependencies": {
    "@darkwolf/helper.cjs": {
      "version": "1.1.1",
      "resolved": "https://registry.npmjs.org/@darkwolf/helper.cjs/-/helper.cjs-1.1.1.tgz",
      "integrity": "sha512-NYx/xlus2iUp2Ft94vQExEJptYUMaNxeYkgURWJ5PA14DBwf9TEsWsNbTEFQW5xzBTPQRWXKwS7t6mvpsygEIw=="
    }
  }
}
