{
  "name": "@darkwolf/text.cjs",
  "version": "1.0.0",
  "lockfileVersion": 1,
  "requires": true,
  "dependencies": {
    "@darkwolf/helper.cjs": {
      "version": "1.0.7",
      "resolved": "https://registry.npmjs.org/@darkwolf/helper.cjs/-/helper.cjs-1.0.7.tgz",
      "integrity": "sha512-wEI7ZxB8hZCM7K2fWVV+FM607/O+4fVu+zXGmNjcLytEEZqFPz/RjeN7vy4+t2TlhKWOffpbfGnCjQPQGxtHWQ=="
    }
  }
}
